
Microsoft Visual Studio Solution File, Format Version 12.00
# Visual Studio Version 17
VisualStudioVersion = 17.0.32014.148
MinimumVisualStudioVersion = 10.0.40219.1
Project("{FAE04EC0-301F-11D3-BF4B-00C04F79EFBC}") = "ABykovApp", "ABykovApp.csproj", "{9162742F-55A9-4D9C-AC1F-CED44C8937CD}"
EndProject
Project("{FAE04EC0-301F-11D3-BF4B-00C04F79EFBC}") = "RunApp", "..\RunApp\RunApp.csproj", "{5EC81BB9-4B47-49C3-B96C-3078DD94F0C7}"
EndProject
Global
	GlobalSection(SolutionConfigurationPlatforms) = preSolution
		Debug|Any CPU = Debug|Any CPU
		Release|Any CPU = Release|Any CPU
	EndGlobalSection
	GlobalSection(ProjectConfigurationPlatforms) = postSolution
		{9162742F-55A9-4D9C-AC1F-CED44C8937CD}.Debug|Any CPU.ActiveCfg = Debug|Any CPU
		{9162742F-55A9-4D9C-AC1F-CED44C8937CD}.Debug|Any CPU.Build.0 = Debug|Any CPU
		{9162742F-55A9-4D9C-AC1F-CED44C8937CD}.Release|Any CPU.ActiveCfg = Release|Any CPU
		{9162742F-55A9-4D9C-AC1F-CED44C8937CD}.Release|Any CPU.Build.0 = Release|Any CPU
		{5EC81BB9-4B47-49C3-B96C-3078DD94F0C7}.Debug|Any CPU.ActiveCfg = Debug|Any CPU
		{5EC81BB9-4B47-49C3-B96C-3078DD94F0C7}.Debug|Any CPU.Build.0 = Debug|Any CPU
		{5EC81BB9-4B47-49C3-B96C-3078DD94F0C7}.Release|Any CPU.ActiveCfg = Release|Any CPU
		{5EC81BB9-4B47-49C3-B96C-3078DD94F0C7}.Release|Any CPU.Build.0 = Release|Any CPU
	EndGlobalSection
	GlobalSection(SolutionProperties) = preSolution
		HideSolutionNode = FALSE
	EndGlobalSection
	GlobalSection(ExtensibilityGlobals) = postSolution
		SolutionGuid = {8D3988DE-AFB0-4B63-9AC0-760CB24C4980}
	EndGlobalSection
EndGlobal
